
Microsoft Visual Studio Solution File, Format Version 12.00
Project("{FAE04EC0-301F-11D3-BF4B-00C04F79EFBC}") = "SomeSolution", "SomeSolution\SomeSolution.csproj", "{3F209ECB-AE62-406E-9206-97B9CBFAEDCA}"
EndProject
Global
	GlobalSection(SolutionConfigurationPlatforms) = preSolution
		Debug|Any CPU = Debug|Any CPU
		Release|Any CPU = Release|Any CPU
	EndGlobalSection
	GlobalSection(ProjectConfigurationPlatforms) = postSolution
		{3F209ECB-AE62-406E-9206-97B9CBFAEDCA}.Debug|Any CPU.ActiveCfg = Debug|Any CPU
		{3F209ECB-AE62-406E-9206-97B9CBFAEDCA}.Debug|Any CPU.Build.0 = Debug|Any CPU
		{3F209ECB-AE62-406E-9206-97B9CBFAEDCA}.Release|Any CPU.ActiveCfg = Release|Any CPU
		{3F209ECB-AE62-406E-9206-97B9CBFAEDCA}.Release|Any CPU.Build.0 = Release|Any CPU
	EndGlobalSection
EndGlobal
